
Microsoft Visual Studio Solution File, Format Version 12.00
# Visual Studio Version 17
VisualStudioVersion = 17.7.34221.43
MinimumVisualStudioVersion = 10.0.40219.1
Project("{9A19103F-16F7-4668-BE54-9A1E7A4F7556}") = "SampleEncoder.Api", "SampleEncoder.Api\SampleEncoder.Api.csproj", "{95BA222C-6A74-4777-83CD-B1A4A9CCD8A7}"
EndProject
Global
	GlobalSection(SolutionConfigurationPlatforms) = preSolution
		Debug|Any CPU = Debug|Any CPU
		Release|Any CPU = Release|Any CPU
	EndGlobalSection
	GlobalSection(ProjectConfigurationPlatforms) = postSolution
		{95BA222C-6A74-4777-83CD-B1A4A9CCD8A7}.Debug|Any CPU.ActiveCfg = Debug|Any CPU
		{95BA222C-6A74-4777-83CD-B1A4A9CCD8A7}.Debug|Any CPU.Build.0 = Debug|Any CPU
		{95BA222C-6A74-4777-83CD-B1A4A9CCD8A7}.Release|Any CPU.ActiveCfg = Release|Any CPU
		{95BA222C-6A74-4777-83CD-B1A4A9CCD8A7}.Release|Any CPU.Build.0 = Release|Any CPU
	EndGlobalSection
	GlobalSection(SolutionProperties) = preSolution
		HideSolutionNode = FALSE
	EndGlobalSection
	GlobalSection(ExtensibilityGlobals) = postSolution
		SolutionGuid = {F72FF9A0-94D4-452D-AAF7-8AC5C072DE6C}
	EndGlobalSection
EndGlobal
